{
  "name": "calculate-total-danfe",
  "version": "1.0.0",
  "lockfileVersion": 3,
  "requires": true,
  "packages": {
    "": {
      "name": "calculate-total-danfe",
      "version": "1.0.0",
      "license": "ISC",
      "dependencies": {
        "dayjs": "^1.11.13",
        "pdf2json": "^3.1.5"
      }
    },
    "node_modules/dayjs": {
      "version": "1.11.13",
      "resolved": "https://registry.npmjs.org/dayjs/-/dayjs-1.11.13.tgz",
      "integrity": "sha512-oaMBel6gjolK862uaPQOVTA7q3TZhuSvuMQAAglQDOWYO9A91IrAOUJEyKVlqJlHE0vq5p5UXxzdPfMH/x6xNg==",
      "license": "MIT"
    },
    "node_modules/pdf2json": {
      "version": "3.1.5",
      "resolved": "https://registry.npmjs.org/pdf2json/-/pdf2json-3.1.5.tgz",
      "integrity": "sha512-djZPInDLNuJU+o6GaJNvcoUh6MtUAx3IYTQCTxywHzeg1jC5YWgz/XzlgmduxxBblpMTqY2fjcWwvyRdGPTyrQ==",
      "bundleDependencies": [
        "@xmldom/xmldom"
      ],
      "license": "Apache-2.0",
      "dependencies": {
        "@xmldom/xmldom": "^0.9.6"
      },
      "bin": {
        "pdf2json": "bin/pdf2json.js"
      },
      "engines": {
        "node": ">=20.18.0",
        "npm": ">=10.8.2"
      }
    },
    "node_modules/pdf2json/node_modules/@xmldom/xmldom": {
      "version": "0.9.6",
      "inBundle": true,
      "license": "MIT",
      "engines": {
        "node": ">=14.6"
      }
    }
  }
}
